
Microsoft Visual Studio Solution File, Format Version 12.00
# Visual Studio Version 17
VisualStudioVersion = 17.14.36109.1 d17.14
MinimumVisualStudioVersion = 10.0.40219.1
Project("{FAE04EC0-301F-11D3-BF4B-00C04F79EFBC}") = "T2 ESDAT", "T2 ESDAT\T2 ESDAT.csproj", "{2DD1553D-F3EA-48B1-9DDE-8B8B824C4128}"
EndProject
Global
	GlobalSection(SolutionConfigurationPlatforms) = preSolution
		Debug|Any CPU = Debug|Any CPU
		Release|Any CPU = Release|Any CPU
	EndGlobalSection
	GlobalSection(ProjectConfigurationPlatforms) = postSolution
		{2DD1553D-F3EA-48B1-9DDE-8B8B824C4128}.Debug|Any CPU.ActiveCfg = Debug|Any CPU
		{2DD1553D-F3EA-48B1-9DDE-8B8B824C4128}.Debug|Any CPU.Build.0 = Debug|Any CPU
		{2DD1553D-F3EA-48B1-9DDE-8B8B824C4128}.Release|Any CPU.ActiveCfg = Release|Any CPU
		{2DD1553D-F3EA-48B1-9DDE-8B8B824C4128}.Release|Any CPU.Build.0 = Release|Any CPU
	EndGlobalSection
	GlobalSection(SolutionProperties) = preSolution
		HideSolutionNode = FALSE
	EndGlobalSection
	GlobalSection(ExtensibilityGlobals) = postSolution
		SolutionGuid = {FCC44AFF-4C6D-4C28-8F64-E3D380ACD6F4}
	EndGlobalSection
EndGlobal
